<?xml version="1.0" encoding="utf-8"?>
<Project ToolsVersion="4.0" xmlns="http://schemas.microsoft.com/developer/msbuild/2003">
  <ItemGroup>
    <Filter Include="Source Files">
      <UniqueIdentifier>{4FC737F1-C7A5-4376-A066-2A32D752A2FF}</UniqueIdentifier>
      <Extensions>cpp;c;cc;cxx;def;odl;idl;hpj;bat;asm;asmx</Extensions>
    </Filter>
    <Filter Include="Header Files">
      <UniqueIdentifier>{93995380-89BD-4b04-88EB-625FBE52EBFB}</UniqueIdentifier>
      <Extensions>h;hh;hpp;hxx;hm;inl;inc;xsd</Extensions>
    </Filter>
    <Filter Include="Resource Files">
      <UniqueIdentifier>{67DA6AB6-F800-4c08-8B7A-83BB121AAD01}</UniqueIdentifier>
      <Extensions>rc;ico;cur;bmp;dlg;rc2;rct;bin;rgs;gif;jpg;jpeg;jpe;resx;tiff;tif;png;wav;mfcribbon-ms</Extensions>
    </Filter>
    <Filter Include="Source Files\Platform">
      <UniqueIdentifier>{b3df2bb9-2f87-43e2-8ede-fe9add62e3f5}</UniqueIdentifier>
    </Filter>
    <Filter Include="Source Files\Renderer">
      <UniqueIdentifier>{dfde064c-4a8f-4c32-9121-f9f9708d6c4e}</UniqueIdentifier>
    </Filter>
    <Filter Include="Source Files\Logic">
      <UniqueIdentifier>{ac0d5be0-b81a-4a0b-8424-a537ab74215e}</UniqueIdentifier>
    </Filter>
    <Filter Include="Source Files\RenderThread">
      <UniqueIdentifier>{137f6010-28a0-457d-aa4c-9e9ceb9daf75}</UniqueIdentifier>
    </Filter>
  </ItemGroup>
  <ItemGroup>
    <ClCompile Include="..\..\Src\Platform\Platform.cpp">
      <Filter>Source Files\Platform</Filter>
    </ClCompile>
    <ClCompile Include="..\..\Src\Renderer\Renderer.cpp">
      <Filter>Source Files\Renderer</Filter>
    </ClCompile>
    <ClCompile Include="..\..\Src\Logic\Logic.cpp">
      <Filter>Source Files\Logic</Filter>
    </ClCompile>
    <ClCompile Include="..\..\Src\Logic\Ball.cpp">
      <Filter>Source Files\Logic</Filter>
    </ClCompile>
    <ClCompile Include="..\..\Src\Logic\Color.cpp">
      <Filter>Source Files\Logic</Filter>
    </ClCompile>
    <ClCompile Include="..\..\Src\Demo.cpp">
      <Filter>Source Files</Filter>
    </ClCompile>
    <ClCompile Include="..\..\Src\RenderThread\RenderThread.cpp">
      <Filter>Source Files\RenderThread</Filter>
    </ClCompile>
    <ClCompile Include="..\..\Src\Logic\Snake.cpp">
      <Filter>Source Files\Logic</Filter>
    </ClCompile>
  </ItemGroup>
  <ItemGroup>
    <ClInclude Include="..\..\Src\Platform\Platform.h">
      <Filter>Source Files\Platform</Filter>
    </ClInclude>
    <ClInclude Include="..\..\Src\Renderer\Renderer.h">
      <Filter>Source Files\Renderer</Filter>
    </ClInclude>
    <ClInclude Include="..\..\Src\Logic\Logic.h">
      <Filter>Source Files\Logic</Filter>
    </ClInclude>
    <ClInclude Include="..\..\Src\Logic\Entity.h">
      <Filter>Source Files\Logic</Filter>
    </ClInclude>
    <ClInclude Include="..\..\Src\Platform\Clock.h">
      <Filter>Source Files\Platform</Filter>
    </ClInclude>
    <ClInclude Include="..\..\Src\Logic\Ball.h">
      <Filter>Source Files\Logic</Filter>
    </ClInclude>
    <ClInclude Include="..\..\Src\Logic\Color.h">
      <Filter>Source Files\Logic</Filter>
    </ClInclude>
    <ClInclude Include="..\..\Src\RenderThread\Queue.h">
      <Filter>Source Files\RenderThread</Filter>
    </ClInclude>
    <ClInclude Include="..\..\Src\RenderThread\RenderThread.h">
      <Filter>Source Files\RenderThread</Filter>
    </ClInclude>
    <ClInclude Include="..\..\Src\RenderThread\CommandBuffer.h">
      <Filter>Source Files\RenderThread</Filter>
    </ClInclude>
    <ClInclude Include="..\..\Src\Logic\Point.h">
      <Filter>Source Files\Logic</Filter>
    </ClInclude>
    <ClInclude Include="..\..\Src\Logic\Snake.h">
      <Filter>Source Files\Logic</Filter>
    </ClInclude>
  </ItemGroup>
</Project>