<?xml version="1.0" ?>
<CodeBlocks_project_file>
    <FileVersion major="1" minor="6"/>
    <Project>
        <Option title="point_light_per_pixel"/>
        <Option pch_mode="2"/>
        <Option compiler="gcc"/>
        <Build>
            <Target title="Debug">
                <Option extension_auto="1" output="../point_light_per_pixel_debug" prefix_auto="1"/>
                <Option working_dir="../"/>
                <Option object_output="obj/Debug/"/>
                <Option type="1"/>
                <Option compiler="gcc"/>
                <Compiler>
                    <Add option="-g"/>
                </Compiler>
            </Target>
            <Target title="Release">
                <Option extension_auto="1" output="../point_light_per_pixel_release" prefix_auto="1"/>
                <Option working_dir="../"/>
                <Option object_output="obj/Release/"/>
                <Option type="1"/>
                <Option compiler="gcc"/>
                <Compiler>
                    <Add option="-O2"/>
                </Compiler>
                <Linker>
                    <Add option="-s"/>
                </Linker>
            </Target>
        </Build>
        <Compiler>
            <Add option="-Wall"/>
        </Compiler>
        <Linker>
            <Add library="libGL.a"/>
            <Add library="libGLU.a"/>
            <Add library="libXxf86vm.a"/>
        </Linker>
        <Unit filename="../src/example.cpp"/>
        <Unit filename="../src/glxwindow.cpp"/>
        <Unit filename="../src/main.cpp"/>
        <Unit filename="../src/targa.cpp"/>
        <Unit filename="../src/terrain.cpp"/>
        <Unit filename="../src/glee/GLee.c">
            <Option compilerVar="CC"/>
        </Unit>
        <Unit filename="../src/example.h"/>
        <Unit filename="../src/glslshader.h"/>
        <Unit filename="../src/glxwindow.h"/>
        <Unit filename="../src/targa.h"/>
        <Unit filename="../src/terrain.h"/>
        <Unit filename="../src/glee/GLee.h"/>
        <Unit filename="../src/glx/glext.h"/>
        <Unit filename="../src/glx/glxext.h"/>
    </Project>
</CodeBlocks_project_file>
